
Microsoft Visual Studio Solution File, Format Version 12.00
# Visual Studio 15
VisualStudioVersion = 15.0.27130.2024
MinimumVisualStudioVersion = 10.0.40219.1
Project("{FAE04EC0-301F-11D3-BF4B-00C04F79EFBC}") = "DivisibleBy3", "DivisibleBy3\DivisibleBy3.csproj", "{6DE944F2-577F-4863-A755-D4B7101E99DB}"
EndProject
Project("{FAE04EC0-301F-11D3-BF4B-00C04F79EFBC}") = "SumOfNumbers", "SumOfNumbers\SumOfNumbers.csproj", "{A7BF4809-2F24-48C2-9CD4-378FAA3CB8B6}"
EndProject
Project("{FAE04EC0-301F-11D3-BF4B-00C04F79EFBC}") = "FactorialOfNumbers", "FactorialOfNumbers\FactorialOfNumbers.csproj", "{D3865258-1010-4F81-9E3A-CA87B78C917E}"
EndProject
Project("{FAE04EC0-301F-11D3-BF4B-00C04F79EFBC}") = "GuessTheNumber", "GuessTheNumber\GuessTheNumber.csproj", "{16958D03-102F-4C05-958C-CC2CDE9CD032}"
EndProject
Project("{FAE04EC0-301F-11D3-BF4B-00C04F79EFBC}") = "SeriesOfNumbers", "SeriesOfNumbers\SeriesOfNumbers.csproj", "{EC009005-AE4B-4F09-8B3F-E2901586BDE6}"
EndProject
Global
	GlobalSection(SolutionConfigurationPlatforms) = preSolution
		Debug|Any CPU = Debug|Any CPU
		Release|Any CPU = Release|Any CPU
	EndGlobalSection
	GlobalSection(ProjectConfigurationPlatforms) = postSolution
		{6DE944F2-577F-4863-A755-D4B7101E99DB}.Debug|Any CPU.ActiveCfg = Debug|Any CPU
		{6DE944F2-577F-4863-A755-D4B7101E99DB}.Debug|Any CPU.Build.0 = Debug|Any CPU
		{6DE944F2-577F-4863-A755-D4B7101E99DB}.Release|Any CPU.ActiveCfg = Release|Any CPU
		{6DE944F2-577F-4863-A755-D4B7101E99DB}.Release|Any CPU.Build.0 = Release|Any CPU
		{A7BF4809-2F24-48C2-9CD4-378FAA3CB8B6}.Debug|Any CPU.ActiveCfg = Debug|Any CPU
		{A7BF4809-2F24-48C2-9CD4-378FAA3CB8B6}.Debug|Any CPU.Build.0 = Debug|Any CPU
		{A7BF4809-2F24-48C2-9CD4-378FAA3CB8B6}.Release|Any CPU.ActiveCfg = Release|Any CPU
		{A7BF4809-2F24-48C2-9CD4-378FAA3CB8B6}.Release|Any CPU.Build.0 = Release|Any CPU
		{D3865258-1010-4F81-9E3A-CA87B78C917E}.Debug|Any CPU.ActiveCfg = Debug|Any CPU
		{D3865258-1010-4F81-9E3A-CA87B78C917E}.Debug|Any CPU.Build.0 = Debug|Any CPU
		{D3865258-1010-4F81-9E3A-CA87B78C917E}.Release|Any CPU.ActiveCfg = Release|Any CPU
		{D3865258-1010-4F81-9E3A-CA87B78C917E}.Release|Any CPU.Build.0 = Release|Any CPU
		{16958D03-102F-4C05-958C-CC2CDE9CD032}.Debug|Any CPU.ActiveCfg = Debug|Any CPU
		{16958D03-102F-4C05-958C-CC2CDE9CD032}.Debug|Any CPU.Build.0 = Debug|Any CPU
		{16958D03-102F-4C05-958C-CC2CDE9CD032}.Release|Any CPU.ActiveCfg = Release|Any CPU
		{16958D03-102F-4C05-958C-CC2CDE9CD032}.Release|Any CPU.Build.0 = Release|Any CPU
		{EC009005-AE4B-4F09-8B3F-E2901586BDE6}.Debug|Any CPU.ActiveCfg = Debug|Any CPU
		{EC009005-AE4B-4F09-8B3F-E2901586BDE6}.Debug|Any CPU.Build.0 = Debug|Any CPU
		{EC009005-AE4B-4F09-8B3F-E2901586BDE6}.Release|Any CPU.ActiveCfg = Release|Any CPU
		{EC009005-AE4B-4F09-8B3F-E2901586BDE6}.Release|Any CPU.Build.0 = Release|Any CPU
	EndGlobalSection
	GlobalSection(SolutionProperties) = preSolution
		HideSolutionNode = FALSE
	EndGlobalSection
	GlobalSection(ExtensibilityGlobals) = postSolution
		SolutionGuid = {0FE7C221-913E-49EC-8CC5-AED2EC3EA75F}
	EndGlobalSection
EndGlobal
